# generated by rye
# use `rye lock` or `rye sync` to update this lockfile
#
# last locked with the following flags:
#   pre: false
#   features: []
#   all-features: false
#   with-sources: false

-e file:.
argparse-addons==0.12.0
    # via cantools
bitstruct==8.19.0
    # via cantools
cantools==39.4.5
    # via kart-machine-manager
certifi==2024.2.2
    # via requests
charset-normalizer==3.3.2
    # via requests
crccheck==1.3.0
    # via cantools
diskcache==5.6.3
    # via cantools
idna==3.7
    # via requests
packaging==24.0
    # via python-can
pyqt5==5.15.10
    # via kart-machine-manager
pyqt5-qt5==5.15.2
    # via pyqt5
pyqt5-sip==12.13.0
    # via pyqt5
python-can==4.3.1
    # via cantools
    # via kart-machine-manager
python-dotenv==1.0.1
    # via kart-machine-manager
pywin32==306
    # via python-can
requests==2.31.0
    # via kart-machine-manager
textparser==0.24.0
    # via cantools
typing-extensions==4.11.0
    # via python-can
urllib3==2.2.1
    # via requests
wrapt==1.16.0
    # via python-can
