# generated by rye
# use `rye lock` or `rye sync` to update this lockfile
#
# last locked with the following flags:
#   pre: false
#   features: []
#   all-features: false
#   with-sources: false

-e file:.
certifi==2024.2.2
    # via requests
charset-normalizer==3.3.2
    # via requests
idna==3.7
    # via requests
msgpack==1.0.8
    # via python-can
mypy==1.9.0
mypy-extensions==1.0.0
    # via mypy
packaging==24.0
    # via python-can
pyqt5==5.15.10
    # via kart-machine-manager
pyqt5-qt5==5.15.14
    # via pyqt5
pyqt5-sip==12.13.0
    # via pyqt5
python-can==4.3.1
    # via kart-machine-manager
python-dotenv==1.0.1
    # via kart-machine-manager
requests==2.31.0
    # via kart-machine-manager
ruff==0.4.1
typing-extensions==4.11.0
    # via mypy
    # via python-can
urllib3==2.2.1
    # via requests
wrapt==1.16.0
    # via python-can
